
Microsoft Visual Studio Solution File, Format Version 12.00
# Visual Studio Version 17
VisualStudioVersion = 17.12.35728.132 d17.12
MinimumVisualStudioVersion = 10.0.40219.1
Project("{2150E333-8FDC-42A3-9474-1A3956D46DE8}") = "src", "src", "{147CD112-39B3-498F-8C57-4EF966DE3858}"
EndProject
Project("{2150E333-8FDC-42A3-9474-1A3956D46DE8}") = "Core", "Core", "{287AE06B-6167-49DA-A3B7-3CDEA7E60C27}"
EndProject
Project("{2150E333-8FDC-42A3-9474-1A3956D46DE8}") = "Infrastructure", "Infrastructure", "{38A20B38-30EF-40C5-A0B9-DBB141D6D8F6}"
EndProject
Project("{2150E333-8FDC-42A3-9474-1A3956D46DE8}") = "Presentation", "Presentation", "{B1BC6FEE-3A16-4280-BB26-263CFE3D5215}"
EndProject
Project("{FAE04EC0-301F-11D3-BF4B-00C04F79EFBC}") = "ModuleTech.API", "src\Presentation\ModuleTech.API\ModuleTech.API.csproj", "{55365CDA-CF45-45A8-A78D-B8BEB3A27C0C}"
EndProject
Project("{FAE04EC0-301F-11D3-BF4B-00C04F79EFBC}") = "ModuleTech.Application", "src\Core\ModuleTech.Application\ModuleTech.Application.csproj", "{21DEC6A6-B3AD-4ED1-9875-F709B7F4C51A}"
EndProject
Project("{FAE04EC0-301F-11D3-BF4B-00C04F79EFBC}") = "ModuleTech.Core.Base", "src\Core\ModuleTech.Core.Base\ModuleTech.Core.Base.csproj", "{FC808CA0-E3DA-4C86-AF3C-71272EF302D4}"
EndProject
Project("{FAE04EC0-301F-11D3-BF4B-00C04F79EFBC}") = "ModuleTech.Core.Caching", "src\Core\ModuleTech.Core.Caching\ModuleTech.Core.Caching.csproj", "{AB707A9B-F6FC-456F-B17B-E327DC2B7EEE}"
EndProject
Project("{FAE04EC0-301F-11D3-BF4B-00C04F79EFBC}") = "ModuleTech.Core.ExceptionHandling", "src\Core\ModuleTech.Core.ExceptionHandling\ModuleTech.Core.ExceptionHandling.csproj", "{60904021-D328-40B6-8EFC-CE254A55D0F0}"
EndProject
Project("{FAE04EC0-301F-11D3-BF4B-00C04F79EFBC}") = "ModuleTech.Core.Logging", "src\Core\ModuleTech.Core.Logging\ModuleTech.Core.Logging.csproj", "{FF0CCB90-CC98-48FF-A78A-CEBEE6A0C240}"
EndProject
Project("{FAE04EC0-301F-11D3-BF4B-00C04F79EFBC}") = "ModuleTech.Core.Networking", "src\Core\ModuleTech.Core.Networking\ModuleTech.Core.Networking.csproj", "{5C8C7400-3826-46EE-84DF-02193D4C1F2E}"
EndProject
Project("{FAE04EC0-301F-11D3-BF4B-00C04F79EFBC}") = "ModuleTech.Domain", "src\Core\ModuleTech.Domain\ModuleTech.Domain.csproj", "{65B7E9E2-E66C-409A-AED2-BD4CC1A0BDD3}"
EndProject
Project("{FAE04EC0-301F-11D3-BF4B-00C04F79EFBC}") = "ModuleTech.Infrastructure", "src\Infrastructure\ModuleTech.Infrastructure\ModuleTech.Infrastructure.csproj", "{27D52173-624E-4987-A8B3-31D4B78C9DAD}"
EndProject
Project("{FAE04EC0-301F-11D3-BF4B-00C04F79EFBC}") = "ModuleTech.Persistence", "src\Infrastructure\ModuleTech.Persistence\ModuleTech.Persistence.csproj", "{CC7AC39E-9D96-4720-B904-E6BEA52D3328}"
EndProject
Global
	GlobalSection(SolutionConfigurationPlatforms) = preSolution
		Debug|Any CPU = Debug|Any CPU
		Release|Any CPU = Release|Any CPU
	EndGlobalSection
	GlobalSection(ProjectConfigurationPlatforms) = postSolution
		{55365CDA-CF45-45A8-A78D-B8BEB3A27C0C}.Debug|Any CPU.ActiveCfg = Debug|Any CPU
		{55365CDA-CF45-45A8-A78D-B8BEB3A27C0C}.Debug|Any CPU.Build.0 = Debug|Any CPU
		{55365CDA-CF45-45A8-A78D-B8BEB3A27C0C}.Release|Any CPU.ActiveCfg = Release|Any CPU
		{55365CDA-CF45-45A8-A78D-B8BEB3A27C0C}.Release|Any CPU.Build.0 = Release|Any CPU
		{21DEC6A6-B3AD-4ED1-9875-F709B7F4C51A}.Debug|Any CPU.ActiveCfg = Debug|Any CPU
		{21DEC6A6-B3AD-4ED1-9875-F709B7F4C51A}.Debug|Any CPU.Build.0 = Debug|Any CPU
		{21DEC6A6-B3AD-4ED1-9875-F709B7F4C51A}.Release|Any CPU.ActiveCfg = Release|Any CPU
		{21DEC6A6-B3AD-4ED1-9875-F709B7F4C51A}.Release|Any CPU.Build.0 = Release|Any CPU
		{FC808CA0-E3DA-4C86-AF3C-71272EF302D4}.Debug|Any CPU.ActiveCfg = Debug|Any CPU
		{FC808CA0-E3DA-4C86-AF3C-71272EF302D4}.Debug|Any CPU.Build.0 = Debug|Any CPU
		{FC808CA0-E3DA-4C86-AF3C-71272EF302D4}.Release|Any CPU.ActiveCfg = Release|Any CPU
		{FC808CA0-E3DA-4C86-AF3C-71272EF302D4}.Release|Any CPU.Build.0 = Release|Any CPU
		{AB707A9B-F6FC-456F-B17B-E327DC2B7EEE}.Debug|Any CPU.ActiveCfg = Debug|Any CPU
		{AB707A9B-F6FC-456F-B17B-E327DC2B7EEE}.Debug|Any CPU.Build.0 = Debug|Any CPU
		{AB707A9B-F6FC-456F-B17B-E327DC2B7EEE}.Release|Any CPU.ActiveCfg = Release|Any CPU
		{AB707A9B-F6FC-456F-B17B-E327DC2B7EEE}.Release|Any CPU.Build.0 = Release|Any CPU
		{60904021-D328-40B6-8EFC-CE254A55D0F0}.Debug|Any CPU.ActiveCfg = Debug|Any CPU
		{60904021-D328-40B6-8EFC-CE254A55D0F0}.Debug|Any CPU.Build.0 = Debug|Any CPU
		{60904021-D328-40B6-8EFC-CE254A55D0F0}.Release|Any CPU.ActiveCfg = Release|Any CPU
		{60904021-D328-40B6-8EFC-CE254A55D0F0}.Release|Any CPU.Build.0 = Release|Any CPU
		{FF0CCB90-CC98-48FF-A78A-CEBEE6A0C240}.Debug|Any CPU.ActiveCfg = Debug|Any CPU
		{FF0CCB90-CC98-48FF-A78A-CEBEE6A0C240}.Debug|Any CPU.Build.0 = Debug|Any CPU
		{FF0CCB90-CC98-48FF-A78A-CEBEE6A0C240}.Release|Any CPU.ActiveCfg = Release|Any CPU
		{FF0CCB90-CC98-48FF-A78A-CEBEE6A0C240}.Release|Any CPU.Build.0 = Release|Any CPU
		{5C8C7400-3826-46EE-84DF-02193D4C1F2E}.Debug|Any CPU.ActiveCfg = Debug|Any CPU
		{5C8C7400-3826-46EE-84DF-02193D4C1F2E}.Debug|Any CPU.Build.0 = Debug|Any CPU
		{5C8C7400-3826-46EE-84DF-02193D4C1F2E}.Release|Any CPU.ActiveCfg = Release|Any CPU
		{5C8C7400-3826-46EE-84DF-02193D4C1F2E}.Release|Any CPU.Build.0 = Release|Any CPU
		{65B7E9E2-E66C-409A-AED2-BD4CC1A0BDD3}.Debug|Any CPU.ActiveCfg = Debug|Any CPU
		{65B7E9E2-E66C-409A-AED2-BD4CC1A0BDD3}.Debug|Any CPU.Build.0 = Debug|Any CPU
		{65B7E9E2-E66C-409A-AED2-BD4CC1A0BDD3}.Release|Any CPU.ActiveCfg = Release|Any CPU
		{65B7E9E2-E66C-409A-AED2-BD4CC1A0BDD3}.Release|Any CPU.Build.0 = Release|Any CPU
		{27D52173-624E-4987-A8B3-31D4B78C9DAD}.Debug|Any CPU.ActiveCfg = Debug|Any CPU
		{27D52173-624E-4987-A8B3-31D4B78C9DAD}.Debug|Any CPU.Build.0 = Debug|Any CPU
		{27D52173-624E-4987-A8B3-31D4B78C9DAD}.Release|Any CPU.ActiveCfg = Release|Any CPU
		{27D52173-624E-4987-A8B3-31D4B78C9DAD}.Release|Any CPU.Build.0 = Release|Any CPU
		{CC7AC39E-9D96-4720-B904-E6BEA52D3328}.Debug|Any CPU.ActiveCfg = Debug|Any CPU
		{CC7AC39E-9D96-4720-B904-E6BEA52D3328}.Debug|Any CPU.Build.0 = Debug|Any CPU
		{CC7AC39E-9D96-4720-B904-E6BEA52D3328}.Release|Any CPU.ActiveCfg = Release|Any CPU
		{CC7AC39E-9D96-4720-B904-E6BEA52D3328}.Release|Any CPU.Build.0 = Release|Any CPU
	EndGlobalSection
	GlobalSection(SolutionProperties) = preSolution
		HideSolutionNode = FALSE
	EndGlobalSection
	GlobalSection(NestedProjects) = preSolution
		{287AE06B-6167-49DA-A3B7-3CDEA7E60C27} = {147CD112-39B3-498F-8C57-4EF966DE3858}
		{38A20B38-30EF-40C5-A0B9-DBB141D6D8F6} = {147CD112-39B3-498F-8C57-4EF966DE3858}
		{B1BC6FEE-3A16-4280-BB26-263CFE3D5215} = {147CD112-39B3-498F-8C57-4EF966DE3858}
		{55365CDA-CF45-45A8-A78D-B8BEB3A27C0C} = {B1BC6FEE-3A16-4280-BB26-263CFE3D5215}
		{21DEC6A6-B3AD-4ED1-9875-F709B7F4C51A} = {287AE06B-6167-49DA-A3B7-3CDEA7E60C27}
		{FC808CA0-E3DA-4C86-AF3C-71272EF302D4} = {287AE06B-6167-49DA-A3B7-3CDEA7E60C27}
		{AB707A9B-F6FC-456F-B17B-E327DC2B7EEE} = {287AE06B-6167-49DA-A3B7-3CDEA7E60C27}
		{60904021-D328-40B6-8EFC-CE254A55D0F0} = {287AE06B-6167-49DA-A3B7-3CDEA7E60C27}
		{FF0CCB90-CC98-48FF-A78A-CEBEE6A0C240} = {287AE06B-6167-49DA-A3B7-3CDEA7E60C27}
		{5C8C7400-3826-46EE-84DF-02193D4C1F2E} = {287AE06B-6167-49DA-A3B7-3CDEA7E60C27}
		{65B7E9E2-E66C-409A-AED2-BD4CC1A0BDD3} = {287AE06B-6167-49DA-A3B7-3CDEA7E60C27}
		{27D52173-624E-4987-A8B3-31D4B78C9DAD} = {38A20B38-30EF-40C5-A0B9-DBB141D6D8F6}
		{CC7AC39E-9D96-4720-B904-E6BEA52D3328} = {38A20B38-30EF-40C5-A0B9-DBB141D6D8F6}
	EndGlobalSection
EndGlobal
